
Microsoft Visual Studio Solution File, Format Version 12.00
# Visual Studio Version 17
VisualStudioVersion = 17.8.34004.107
MinimumVisualStudioVersion = 10.0.40219.1
Project("{FAE04EC0-301F-11D3-BF4B-00C04F79EFBC}") = "sumDigits", "sumDigits.csproj", "{86B9A8A6-9326-456E-BED8-A64FC305617F}"
EndProject
Global
	GlobalSection(SolutionConfigurationPlatforms) = preSolution
		Debug|Any CPU = Debug|Any CPU
		Release|Any CPU = Release|Any CPU
	EndGlobalSection
	GlobalSection(ProjectConfigurationPlatforms) = postSolution
		{86B9A8A6-9326-456E-BED8-A64FC305617F}.Debug|Any CPU.ActiveCfg = Debug|Any CPU
		{86B9A8A6-9326-456E-BED8-A64FC305617F}.Debug|Any CPU.Build.0 = Debug|Any CPU
		{86B9A8A6-9326-456E-BED8-A64FC305617F}.Release|Any CPU.ActiveCfg = Release|Any CPU
		{86B9A8A6-9326-456E-BED8-A64FC305617F}.Release|Any CPU.Build.0 = Release|Any CPU
	EndGlobalSection
	GlobalSection(SolutionProperties) = preSolution
		HideSolutionNode = FALSE
	EndGlobalSection
	GlobalSection(ExtensibilityGlobals) = postSolution
		SolutionGuid = {95254D1A-439C-4A48-A2AF-C02F0669F05B}
	EndGlobalSection
EndGlobal
